
Microsoft Visual Studio Solution File, Format Version 12.00
# Visual Studio Version 17
VisualStudioVersion = 17.13.35931.197 d17.13
MinimumVisualStudioVersion = 10.0.40219.1
Project("{FAE04EC0-301F-11D3-BF4B-00C04F79EFBC}") = "rentPrac1", "rentPrac1.csproj", "{0749AE36-A65F-4E90-9034-8F0F5FF29DB6}"
EndProject
Global
	GlobalSection(SolutionConfigurationPlatforms) = preSolution
		Debug|Any CPU = Debug|Any CPU
		Release|Any CPU = Release|Any CPU
	EndGlobalSection
	GlobalSection(ProjectConfigurationPlatforms) = postSolution
		{0749AE36-A65F-4E90-9034-8F0F5FF29DB6}.Debug|Any CPU.ActiveCfg = Debug|Any CPU
		{0749AE36-A65F-4E90-9034-8F0F5FF29DB6}.Debug|Any CPU.Build.0 = Debug|Any CPU
		{0749AE36-A65F-4E90-9034-8F0F5FF29DB6}.Release|Any CPU.ActiveCfg = Release|Any CPU
		{0749AE36-A65F-4E90-9034-8F0F5FF29DB6}.Release|Any CPU.Build.0 = Release|Any CPU
	EndGlobalSection
	GlobalSection(SolutionProperties) = preSolution
		HideSolutionNode = FALSE
	EndGlobalSection
	GlobalSection(ExtensibilityGlobals) = postSolution
		SolutionGuid = {7B190341-3344-44D0-9D61-58ABD41CC40E}
	EndGlobalSection
EndGlobal
